{
  "name": "vul-web secura",
  "lockfileVersion": 3,
  "requires": true,
  "packages": {
    "": {
      "dependencies": {
        "pg-monitor": "^3.0.0"
      }
    },
    "node_modules/pg-monitor": {
      "version": "3.0.0",
      "resolved": "https://registry.npmjs.org/pg-monitor/-/pg-monitor-3.0.0.tgz",
      "integrity": "sha512-62jezmq3lR+lKCIsi9BXVg8Fxv+JG5LtaAuUmex5EVnBPlvAU7Ad6dOiQXHtH1xNh/Oy6Hux36k8uIjZWNeWtQ==",
      "license": "MIT",
      "dependencies": {
        "picocolors": "^1.1.1"
      },
      "engines": {
        "node": ">=14"
      }
    },
    "node_modules/picocolors": {
      "version": "1.1.1",
      "resolved": "https://registry.npmjs.org/picocolors/-/picocolors-1.1.1.tgz",
      "integrity": "sha512-xceH2snhtb5M9liqDsmEw56le376mTZkEX/jEb/RxNFyegNul7eNslCXP9FDj/Lcu0X8KEyMceP2ntpaHrDEVA==",
      "license": "ISC"
    }
  }
}
